
Microsoft Visual Studio Solution File, Format Version 12.00
# Visual Studio 15
VisualStudioVersion = 15.0.26730.12
MinimumVisualStudioVersion = 10.0.40219.1
Project("{FAE04EC0-301F-11D3-BF4B-00C04F79EFBC}") = "RMDataManager", "RMDataManager\RMDataManager.csproj", "{4DF68B37-BD15-4743-B58F-F570C77B7A7C}"
EndProject
Global
	GlobalSection(SolutionConfigurationPlatforms) = preSolution
		Debug|Any CPU = Debug|Any CPU
		Release|Any CPU = Release|Any CPU
	EndGlobalSection
	GlobalSection(ProjectConfigurationPlatforms) = postSolution
		{4DF68B37-BD15-4743-B58F-F570C77B7A7C}.Debug|Any CPU.ActiveCfg = Debug|Any CPU
		{4DF68B37-BD15-4743-B58F-F570C77B7A7C}.Debug|Any CPU.Build.0 = Debug|Any CPU
		{4DF68B37-BD15-4743-B58F-F570C77B7A7C}.Release|Any CPU.ActiveCfg = Release|Any CPU
		{4DF68B37-BD15-4743-B58F-F570C77B7A7C}.Release|Any CPU.Build.0 = Release|Any CPU
	EndGlobalSection
	GlobalSection(SolutionProperties) = preSolution
		HideSolutionNode = FALSE
	EndGlobalSection
	GlobalSection(ExtensibilityGlobals) = postSolution
		SolutionGuid = {654C9B8B-A313-4141-BC74-FEDE2AF5E44A}
	EndGlobalSection
EndGlobal
